
Microsoft Visual Studio Solution File, Format Version 12.00
# Visual Studio Version 17
VisualStudioVersion = 17.0.31903.59
MinimumVisualStudioVersion = 10.0.40219.1
Project("{9A19103F-16F7-4668-BE54-9A1E7A4F7556}") = "Jgs.Errors", "errors\Jgs.Errors.csproj", "{69845D9A-42C2-4D86-9D75-C65386B0DC0B}"
EndProject
Project("{FAE04EC0-301F-11D3-BF4B-00C04F79EFBC}") = "Jgs.Errors.Spec", "errors-spec\Jgs.Errors.Spec.csproj", "{7074AF63-2BDC-47E3-9CC3-75233D48929D}"
EndProject
Global
	GlobalSection(SolutionConfigurationPlatforms) = preSolution
		Debug|Any CPU = Debug|Any CPU
		Release|Any CPU = Release|Any CPU
	EndGlobalSection
	GlobalSection(ProjectConfigurationPlatforms) = postSolution
		{69845D9A-42C2-4D86-9D75-C65386B0DC0B}.Debug|Any CPU.ActiveCfg = Debug|Any CPU
		{69845D9A-42C2-4D86-9D75-C65386B0DC0B}.Debug|Any CPU.Build.0 = Debug|Any CPU
		{69845D9A-42C2-4D86-9D75-C65386B0DC0B}.Release|Any CPU.ActiveCfg = Release|Any CPU
		{69845D9A-42C2-4D86-9D75-C65386B0DC0B}.Release|Any CPU.Build.0 = Release|Any CPU
		{7074AF63-2BDC-47E3-9CC3-75233D48929D}.Debug|Any CPU.ActiveCfg = Debug|Any CPU
		{7074AF63-2BDC-47E3-9CC3-75233D48929D}.Debug|Any CPU.Build.0 = Debug|Any CPU
		{7074AF63-2BDC-47E3-9CC3-75233D48929D}.Release|Any CPU.ActiveCfg = Release|Any CPU
		{7074AF63-2BDC-47E3-9CC3-75233D48929D}.Release|Any CPU.Build.0 = Release|Any CPU
	EndGlobalSection
	GlobalSection(SolutionProperties) = preSolution
		HideSolutionNode = FALSE
	EndGlobalSection
EndGlobal
